// !$*UTF8*$!
{
	archiveVersion = 1;
	classes = {
	};
	objectVersion = 50;
	objects = {

/* Begin PBXBuildFile section */
		769BEF6326EEA00A00419769 /* AppDelegate.swift in Sources */ = {isa = PBXBuildFile; fileRef = 769BEF6226EEA00A00419769 /* AppDelegate.swift */; };
		769BEF6526EEA00A00419769 /* SceneDelegate.swift in Sources */ = {isa = PBXBuildFile; fileRef = 769BEF6426EEA00A00419769 /* SceneDelegate.swift */; };
		769BEF6726EEA00A00419769 /* ViewController.swift in Sources */ = {isa = PBXBuildFile; fileRef = 769BEF6626EEA00A00419769 /* ViewController.swift */; };
		769BEF6A26EEA00A00419769 /* Main.storyboard in Resources */ = {isa = PBXBuildFile; fileRef = 769BEF6826EEA00A00419769 /* Main.storyboard */; };
		769BEF6D26EEA00A00419769 /* NotasBD.xcdatamodeld in Sources */ = {isa = PBXBuildFile; fileRef = 769BEF6B26EEA00A00419769 /* NotasBD.xcdatamodeld */; };
		769BEF6F26EEA00B00419769 /* Assets.xcassets in Resources */ = {isa = PBXBuildFile; fileRef = 769BEF6E26EEA00B00419769 /* Assets.xcassets */; };
		769BEF7226EEA00B00419769 /* LaunchScreen.storyboard in Resources */ = {isa = PBXBuildFile; fileRef = 769BEF7026EEA00B00419769 /* LaunchScreen.storyboard */; };
/* End PBXBuildFile section */

/* Begin PBXFileReference section */
		769BEF5F26EEA00A00419769 /* NotasBD.app */ = {isa = PBXFileReference; explicitFileType = wrapper.application; includeInIndex = 0; path = NotasBD.app; sourceTree = BUILT_PRODUCTS_DIR; };
		769BEF6226EEA00A00419769 /* AppDelegate.swift */ = {isa = PBXFileReference; lastKnownFileType = sourcecode.swift; path = AppDelegate.swift; sourceTree = "<group>"; };
		769BEF6426EEA00A00419769 /* SceneDelegate.swift */ = {isa = PBXFileReference; lastKnownFileType = sourcecode.swift; path = SceneDelegate.swift; sourceTree = "<group>"; };
		769BEF6626EEA00A00419769 /* ViewController.swift */ = {isa = PBXFileReference; lastKnownFileType = sourcecode.swift; path = ViewController.swift; sourceTree = "<group>"; };
		769BEF6926EEA00A00419769 /* Base */ = {isa = PBXFileReference; lastKnownFileType = file.storyboard; name = Base; path = Base.lproj/Main.storyboard; sourceTree = "<group>"; };
		769BEF6C26EEA00A00419769 /* NotasBD.xcdatamodel */ = {isa = PBXFileReference; lastKnownFileType = wrapper.xcdatamodel; path = NotasBD.xcdatamodel; sourceTree = "<group>"; };
		769BEF6E26EEA00B00419769 /* Assets.xcassets */ = {isa = PBXFileReference; lastKnownFileType = folder.assetcatalog; path = Assets.xcassets; sourceTree = "<group>"; };
		769BEF7126EEA00B00419769 /* Base */ = {isa = PBXFileReference; lastKnownFileType = file.storyboard; name = Base; path = Base.lproj/LaunchScreen.storyboard; sourceTree = "<group>"; };
		769BEF7326EEA00B00419769 /* Info.plist */ = {isa = PBXFileReference; lastKnownFileType = text.plist.xml; path = Info.plist; sourceTree = "<group>"; };
/* End PBXFileReference section */

/* Begin PBXFrameworksBuildPhase section */
		769BEF5C26EEA00A00419769 /* Frameworks */ = {
			isa = PBXFrameworksBuildPhase;
			buildActionMask = 2147483647;
			files = (
			);
			runOnlyForDeploymentPostprocessing = 0;
		};
/* End PBXFrameworksBuildPhase section */

/* Begin PBXGroup section */
		769BEF5626EEA00A00419769 = {
			isa = PBXGroup;
			children = (
				769BEF6126EEA00A00419769 /* NotasBD */,
				769BEF6026EEA00A00419769 /* Products */,
			);
			sourceTree = "<group>";
		};
		769BEF6026EEA00A00419769 /* Products */ = {
			isa = PBXGroup;
			children = (
				769BEF5F26EEA00A00419769 /* NotasBD.app */,
			);
			name = Products;
			sourceTree = "<group>";
		};
		769BEF6126EEA00A00419769 /* NotasBD */ = {
			isa = PBXGroup;
			children = (
				769BEF6226EEA00A00419769 /* AppDelegate.swift */,
				769BEF6426EEA00A00419769 /* SceneDelegate.swift */,
				769BEF6626EEA00A00419769 /* ViewController.swift */,
				769BEF6826EEA00A00419769 /* Main.storyboard */,
				769BEF6E26EEA00B00419769 /* Assets.xcassets */,
				769BEF7026EEA00B00419769 /* LaunchScreen.storyboard */,
				769BEF7326EEA00B00419769 /* Info.plist */,
				769BEF6B26EEA00A00419769 /* NotasBD.xcdatamodeld */,
			);
			path = NotasBD;
			sourceTree = "<group>";
		};
/* End PBXGroup section */

/* Begin PBXNativeTarget section */
		769BEF5E26EEA00A00419769 /* NotasBD */ = {
			isa = PBXNativeTarget;
			buildConfigurationList = 769BEF7626EEA00B00419769 /* Build configuration list for PBXNativeTarget "NotasBD" */;
			buildPhases = (
				769BEF5B26EEA00A00419769 /* Sources */,
				769BEF5C26EEA00A00419769 /* Frameworks */,
				769BEF5D26EEA00A00419769 /* Resources */,
			);
			buildRules = (
			);
			dependencies = (
			);
			name = NotasBD;
			productName = NotasBD;
			productReference = 769BEF5F26EEA00A00419769 /* NotasBD.app */;
			productType = "com.apple.product-type.application";
		};
/* End PBXNativeTarget section */

/* Begin PBXProject section */
		769BEF5726EEA00A00419769 /* Project object */ = {
			isa = PBXProject;
			attributes = {
				LastSwiftUpdateCheck = 1250;
				LastUpgradeCheck = 1250;
				TargetAttributes = {
					769BEF5E26EEA00A00419769 = {
						CreatedOnToolsVersion = 12.5.1;
					};
				};
			};
			buildConfigurationList = 769BEF5A26EEA00A00419769 /* Build configuration list for PBXProject "NotasBD" */;
			compatibilityVersion = "Xcode 9.3";
			developmentRegion = en;
			hasScannedForEncodings = 0;
			knownRegions = (
				en,
				Base,
			);
			mainGroup = 769BEF5626EEA00A00419769;
			productRefGroup = 769BEF6026EEA00A00419769 /* Products */;
			projectDirPath = "";
			projectRoot = "";
			targets = (
				769BEF5E26EEA00A00419769 /* NotasBD */,
			);
		};
/* End PBXProject section */

/* Begin PBXResourcesBuildPhase section */
		769BEF5D26EEA00A00419769 /* Resources */ = {
			isa = PBXResourcesBuildPhase;
			buildActionMask = 2147483647;
			files = (
				769BEF7226EEA00B00419769 /* LaunchScreen.storyboard in Resources */,
				769BEF6F26EEA00B00419769 /* Assets.xcassets in Resources */,
				769BEF6A26EEA00A00419769 /* Main.storyboard in Resources */,
			);
			runOnlyForDeploymentPostprocessing = 0;
		};
/* End PBXResourcesBuildPhase section */

/* Begin PBXSourcesBuildPhase section */
		769BEF5B26EEA00A00419769 /* Sources */ = {
			isa = PBXSourcesBuildPhase;
			buildActionMask = 2147483647;
			files = (
				769BEF6726EEA00A00419769 /* ViewController.swift in Sources */,
				769BEF6326EEA00A00419769 /* AppDelegate.swift in Sources */,
				769BEF6526EEA00A00419769 /* SceneDelegate.swift in Sources */,
				769BEF6D26EEA00A00419769 /* NotasBD.xcdatamodeld in Sources */,
			);
			runOnlyForDeploymentPostprocessing = 0;
		};
/* End PBXSourcesBuildPhase section */

/* Begin PBXVariantGroup section */
		769BEF6826EEA00A00419769 /* Main.storyboard */ = {
			isa = PBXVariantGroup;
			children = (
				769BEF6926EEA00A00419769 /* Base */,
			);
			name = Main.storyboard;
			sourceTree = "<group>";
		};
		769BEF7026EEA00B00419769 /* LaunchScreen.storyboard */ = {
			isa = PBXVariantGroup;
			children = (
				769BEF7126EEA00B00419769 /* Base */,
			);
			name = LaunchScreen.storyboard;
			sourceTree = "<group>";
		};
/* End PBXVariantGroup section */

/* Begin XCBuildConfiguration section */
		769BEF7426EEA00B00419769 /* Debug */ = {
			isa = XCBuildConfiguration;
			buildSettings = {
				ALWAYS_SEARCH_USER_PATHS = NO;
				CLANG_ANALYZER_NONNULL = YES;
				CLANG_ANALYZER_NUMBER_OBJECT_CONVERSION = YES_AGGRESSIVE;
				CLANG_CXX_LANGUAGE_STANDARD = "gnu++14";
				CLANG_CXX_LIBRARY = "libc++";
				CLANG_ENABLE_MODULES = YES;
				CLANG_ENABLE_OBJC_ARC = YES;
				CLANG_ENABLE_OBJC_WEAK = YES;
				CLANG_WARN_BLOCK_CAPTURE_AUTORELEASING = YES;
				CLANG_WARN_BOOL_CONVERSION = YES;
				CLANG_WARN_COMMA = YES;
				CLANG_WARN_CONSTANT_CONVERSION = YES;
				CLANG_WARN_DEPRECATED_OBJC_IMPLEMENTATIONS = YES;
				CLANG_WARN_DIRECT_OBJC_ISA_USAGE = YES_ERROR;
				CLANG_WARN_DOCUMENTATION_COMMENTS = YES;
				CLANG_WARN_EMPTY_BODY = YES;
				CLANG_WARN_ENUM_CONVERSION = YES;
				CLANG_WARN_INFINITE_RECURSION = YES;
				CLANG_WARN_INT_CONVERSION = YES;
				CLANG_WARN_NON_LITERAL_NULL_CONVERSION = YES;
				CLANG_WARN_OBJC_IMPLICIT_RETAIN_SELF = YES;
				CLANG_WARN_OBJC_LITERAL_CONVERSION = YES;
				CLANG_WARN_OBJC_ROOT_CLASS = YES_ERROR;
				CLANG_WARN_QUOTED_INCLUDE_IN_FRAMEWORK_HEADER = YES;
				CLANG_WARN_RANGE_LOOP_ANALYSIS = YES;
				CLANG_WARN_STRICT_PROTOTYPES = YES;
				CLANG_WARN_SUSPICIOUS_MOVE = YES;
				CLANG_WARN_UNGUARDED_AVAILABILITY = YES_AGGRESSIVE;
				CLANG_WARN_UNREACHABLE_CODE = YES;
				CLANG_WARN__DUPLICATE_METHOD_MATCH = YES;
				COPY_PHASE_STRIP = NO;
				DEBUG_INFORMATION_FORMAT = dwarf;
				ENABLE_STRICT_OBJC_MSGSEND = YES;
				ENABLE_TESTABILITY = YES;
				GCC_C_LANGUAGE_STANDARD = gnu11;
				GCC_DYNAMIC_NO_PIC = NO;
				GCC_NO_COMMON_BLOCKS = YES;
				GCC_OPTIMIZATION_LEVEL = 0;
				GCC_PREPROCESSOR_DEFINITIONS = (
					"DEBUG=1",
					"$(inherited)",
				);
				GCC_WARN_64_TO_32_BIT_CONVERSION = YES;
				GCC_WARN_ABOUT_RETURN_TYPE = YES_ERROR;
				GCC_WARN_UNDECLARED_SELECTOR = YES;
				GCC_WARN_UNINITIALIZED_AUTOS = YES_AGGRESSIVE;
				GCC_WARN_UNUSED_FUNCTION = YES;
				GCC_WARN_UNUSED_VARIABLE = YES;
				IPHONEOS_DEPLOYMENT_TARGET = 14.5;
				MTL_ENABLE_DEBUG_INFO = INCLUDE_SOURCE;
				MTL_FAST_MATH = YES;
				ONLY_ACTIVE_ARCH = YES;
				SDKROOT = iphoneos;
				SWIFT_ACTIVE_COMPILATION_CONDITIONS = DEBUG;
				SWIFT_OPTIMIZATION_LEVEL = "-Onone";
			};
			name = Debug;
		};
		769BEF7526EEA00B00419769 /* Release */ = {
			isa = XCBuildConfiguration;
			buildSettings = {
				ALWAYS_SEARCH_USER_PATHS = NO;
				CLANG_ANALYZER_NONNULL = YES;
				CLANG_ANALYZER_NUMBER_OBJECT_CONVERSION = YES_AGGRESSIVE;
				CLANG_CXX_LANGUAGE_STANDARD = "gnu++14";
				CLANG_CXX_LIBRARY = "libc++";
				CLANG_ENABLE_MODULES = YES;
				CLANG_ENABLE_OBJC_ARC = YES;
				CLANG_ENABLE_OBJC_WEAK = YES;
				CLANG_WARN_BLOCK_CAPTURE_AUTORELEASING = YES;
				CLANG_WARN_BOOL_CONVERSION = YES;
				CLANG_WARN_COMMA = YES;
				CLANG_WARN_CONSTANT_CONVERSION = YES;
				CLANG_WARN_DEPRECATED_OBJC_IMPLEMENTATIONS = YES;
				CLANG_WARN_DIRECT_OBJC_ISA_USAGE = YES_ERROR;
				CLANG_WARN_DOCUMENTATION_COMMENTS = YES;
				CLANG_WARN_EMPTY_BODY = YES;
				CLANG_WARN_ENUM_CONVERSION = YES;
				CLANG_WARN_INFINITE_RECURSION = YES;
				CLANG_WARN_INT_CONVERSION = YES;
				CLANG_WARN_NON_LITERAL_NULL_CONVERSION = YES;
				CLANG_WARN_OBJC_IMPLICIT_RETAIN_SELF = YES;
				CLANG_WARN_OBJC_LITERAL_CONVERSION = YES;
				CLANG_WARN_OBJC_ROOT_CLASS = YES_ERROR;
				CLANG_WARN_QUOTED_INCLUDE_IN_FRAMEWORK_HEADER = YES;
				CLANG_WARN_RANGE_LOOP_ANALYSIS = YES;
				CLANG_WARN_STRICT_PROTOTYPES = YES;
				CLANG_WARN_SUSPICIOUS_MOVE = YES;
				CLANG_WARN_UNGUARDED_AVAILABILITY = YES_AGGRESSIVE;
				CLANG_WARN_UNREACHABLE_CODE = YES;
				CLANG_WARN__DUPLICATE_METHOD_MATCH = YES;
				COPY_PHASE_STRIP = NO;
				DEBUG_INFORMATION_FORMAT = "dwarf-with-dsym";
				ENABLE_NS_ASSERTIONS = NO;
				ENABLE_STRICT_OBJC_MSGSEND = YES;
				GCC_C_LANGUAGE_STANDARD = gnu11;
				GCC_NO_COMMON_BLOCKS = YES;
				GCC_WARN_64_TO_32_BIT_CONVERSION = YES;
				GCC_WARN_ABOUT_RETURN_TYPE = YES_ERROR;
				GCC_WARN_UNDECLARED_SELECTOR = YES;
				GCC_WARN_UNINITIALIZED_AUTOS = YES_AGGRESSIVE;
				GCC_WARN_UNUSED_FUNCTION = YES;
				GCC_WARN_UNUSED_VARIABLE = YES;
				IPHONEOS_DEPLOYMENT_TARGET = 14.5;
				MTL_ENABLE_DEBUG_INFO = NO;
				MTL_FAST_MATH = YES;
				SDKROOT = iphoneos;
				SWIFT_COMPILATION_MODE = wholemodule;
				SWIFT_OPTIMIZATION_LEVEL = "-O";
				VALIDATE_PRODUCT = YES;
			};
			name = Release;
		};
		769BEF7726EEA00B00419769 /* Debug */ = {
			isa = XCBuildConfiguration;
			buildSettings = {
				ASSETCATALOG_COMPILER_APPICON_NAME = AppIcon;
				ASSETCATALOG_COMPILER_GLOBAL_ACCENT_COLOR_NAME = AccentColor;
				CODE_SIGN_STYLE = Automatic;
				INFOPLIST_FILE = NotasBD/Info.plist;
				LD_RUNPATH_SEARCH_PATHS = (
					"$(inherited)",
					"@executable_path/Frameworks",
				);
				PRODUCT_BUNDLE_IDENTIFIER = com.iscrozo.NotasBD;
				PRODUCT_NAME = "$(TARGET_NAME)";
				SWIFT_VERSION = 5.0;
				TARGETED_DEVICE_FAMILY = "1,2";
			};
			name = Debug;
		};
		769BEF7826EEA00B00419769 /* Release */ = {
			isa = XCBuildConfiguration;
			buildSettings = {
				ASSETCATALOG_COMPILER_APPICON_NAME = AppIcon;
				ASSETCATALOG_COMPILER_GLOBAL_ACCENT_COLOR_NAME = AccentColor;
				CODE_SIGN_STYLE = Automatic;
				INFOPLIST_FILE = NotasBD/Info.plist;
				LD_RUNPATH_SEARCH_PATHS = (
					"$(inherited)",
					"@executable_path/Frameworks",
				);
				PRODUCT_BUNDLE_IDENTIFIER = com.iscrozo.NotasBD;
				PRODUCT_NAME = "$(TARGET_NAME)";
				SWIFT_VERSION = 5.0;
				TARGETED_DEVICE_FAMILY = "1,2";
			};
			name = Release;
		};
/* End XCBuildConfiguration section */

/* Begin XCConfigurationList section */
		769BEF5A26EEA00A00419769 /* Build configuration list for PBXProject "NotasBD" */ = {
			isa = XCConfigurationList;
			buildConfigurations = (
				769BEF7426EEA00B00419769 /* Debug */,
				769BEF7526EEA00B00419769 /* Release */,
			);
			defaultConfigurationIsVisible = 0;
			defaultConfigurationName = Release;
		};
		769BEF7626EEA00B00419769 /* Build configuration list for PBXNativeTarget "NotasBD" */ = {
			isa = XCConfigurationList;
			buildConfigurations = (
				769BEF7726EEA00B00419769 /* Debug */,
				769BEF7826EEA00B00419769 /* Release */,
			);
			defaultConfigurationIsVisible = 0;
			defaultConfigurationName = Release;
		};
/* End XCConfigurationList section */

/* Begin XCVersionGroup section */
		769BEF6B26EEA00A00419769 /* NotasBD.xcdatamodeld */ = {
			isa = XCVersionGroup;
			children = (
				769BEF6C26EEA00A00419769 /* NotasBD.xcdatamodel */,
			);
			currentVersion = 769BEF6C26EEA00A00419769 /* NotasBD.xcdatamodel */;
			path = NotasBD.xcdatamodeld;
			sourceTree = "<group>";
			versionGroupType = wrapper.xcdatamodel;
		};
/* End XCVersionGroup section */
	};
	rootObject = 769BEF5726EEA00A00419769 /* Project object */;
}
